
Microsoft Visual Studio Solution File, Format Version 11.00
# Visual Studio 2010
Project("{E24C65DC-7377-472B-9ABA-BC803B73C61A}") = "UNCHS", "UNCHS\", "{0D0B609D-14BF-492E-BBFC-D73DD1792CA2}"
	ProjectSection(WebsiteProperties) = preProject
		TargetFrameworkMoniker = ".NETFramework,Version%3Dv4.0"
		ProjectReferences = "{DA278DCC-0126-472F-B027-D391BFD610E1}|Simplicity.Data.dll;"
		Debug.AspNetCompiler.VirtualPath = "/UNCHS"
		Debug.AspNetCompiler.PhysicalPath = "UNCHS\"
		Debug.AspNetCompiler.TargetPath = "PrecompiledWeb\UNCHS\"
		Debug.AspNetCompiler.Updateable = "true"
		Debug.AspNetCompiler.ForceOverwrite = "true"
		Debug.AspNetCompiler.FixedNames = "false"
		Debug.AspNetCompiler.Debug = "True"
		Release.AspNetCompiler.VirtualPath = "/UNCHS"
		Release.AspNetCompiler.PhysicalPath = "UNCHS\"
		Release.AspNetCompiler.TargetPath = "PrecompiledWeb\UNCHS\"
		Release.AspNetCompiler.Updateable = "true"
		Release.AspNetCompiler.ForceOverwrite = "true"
		Release.AspNetCompiler.FixedNames = "false"
		Release.AspNetCompiler.Debug = "False"
		VWDPort = "2017"
	EndProjectSection
EndProject
Project("{FAE04EC0-301F-11D3-BF4B-00C04F79EFBC}") = "Simplicity.Data", "..\..\Simplicity\trunk\Simplicity\Simplicity.Data\Simplicity.Data.csproj", "{DA278DCC-0126-472F-B027-D391BFD610E1}"
EndProject
Global
	GlobalSection(SolutionConfigurationPlatforms) = preSolution
		Debug|.NET = Debug|.NET
		Debug|Any CPU = Debug|Any CPU
		Release|.NET = Release|.NET
		Release|Any CPU = Release|Any CPU
	EndGlobalSection
	GlobalSection(ProjectConfigurationPlatforms) = postSolution
		{0D0B609D-14BF-492E-BBFC-D73DD1792CA2}.Debug|.NET.ActiveCfg = Debug|.NET
		{0D0B609D-14BF-492E-BBFC-D73DD1792CA2}.Debug|.NET.Build.0 = Debug|.NET
		{0D0B609D-14BF-492E-BBFC-D73DD1792CA2}.Debug|Any CPU.ActiveCfg = Debug|Any CPU
		{0D0B609D-14BF-492E-BBFC-D73DD1792CA2}.Debug|Any CPU.Build.0 = Debug|Any CPU
		{0D0B609D-14BF-492E-BBFC-D73DD1792CA2}.Release|.NET.ActiveCfg = Debug|.NET
		{0D0B609D-14BF-492E-BBFC-D73DD1792CA2}.Release|.NET.Build.0 = Debug|.NET
		{0D0B609D-14BF-492E-BBFC-D73DD1792CA2}.Release|Any CPU.ActiveCfg = Debug|.NET
		{DA278DCC-0126-472F-B027-D391BFD610E1}.Debug|.NET.ActiveCfg = Debug|Any CPU
		{DA278DCC-0126-472F-B027-D391BFD610E1}.Debug|Any CPU.ActiveCfg = Debug|Any CPU
		{DA278DCC-0126-472F-B027-D391BFD610E1}.Debug|Any CPU.Build.0 = Debug|Any CPU
		{DA278DCC-0126-472F-B027-D391BFD610E1}.Release|.NET.ActiveCfg = Release|Any CPU
		{DA278DCC-0126-472F-B027-D391BFD610E1}.Release|Any CPU.ActiveCfg = Release|Any CPU
		{DA278DCC-0126-472F-B027-D391BFD610E1}.Release|Any CPU.Build.0 = Release|Any CPU
	EndGlobalSection
	GlobalSection(SolutionProperties) = preSolution
		HideSolutionNode = FALSE
	EndGlobalSection
EndGlobal
